
Microsoft Visual Studio Solution File, Format Version 12.00
Project("{FAE04EC0-301F-11D3-BF4B-00C04F79EFBC}") = "Day01", "Day01\Day01.csproj", "{111A1B49-CE8E-4D1B-9FBD-BDDF1AF75B45}"
EndProject
Project("{FAE04EC0-301F-11D3-BF4B-00C04F79EFBC}") = "Day02", "Day02\Day02.csproj", "{1E9E0C17-78D8-4376-85F6-2A7318563566}"
EndProject
Project("{FAE04EC0-301F-11D3-BF4B-00C04F79EFBC}") = "Day03", "Day03\Day03.csproj", "{5C7D9376-F4BB-42DE-9C73-2C5BC6395F3F}"
EndProject
Project("{FAE04EC0-301F-11D3-BF4B-00C04F79EFBC}") = "Day04", "Day04\Day04.csproj", "{3CDF783C-FB2F-484D-9296-8D28990CA38A}"
EndProject
Project("{FAE04EC0-301F-11D3-BF4B-00C04F79EFBC}") = "Day05", "Day05\Day05.csproj", "{07A928A3-1F05-447D-9508-BDA298184B38}"
EndProject
Project("{FAE04EC0-301F-11D3-BF4B-00C04F79EFBC}") = "Day06", "Day06\Day06.csproj", "{AA5CAF0F-E57E-4A48-8741-7A22F13F9D38}"
EndProject
Project("{FAE04EC0-301F-11D3-BF4B-00C04F79EFBC}") = "Day07", "Day07\Day07.csproj", "{1FD38D4E-917B-4575-802A-96528D5BCB09}"
EndProject
Project("{FAE04EC0-301F-11D3-BF4B-00C04F79EFBC}") = "Day08", "Day08\Day08.csproj", "{B4746789-6362-430C-B8FF-C88A46413179}"
EndProject
Project("{FAE04EC0-301F-11D3-BF4B-00C04F79EFBC}") = "Day09", "Day09\Day09.csproj", "{2B9AFEA9-3D1E-43FF-94D0-86101CDC5D85}"
EndProject
Global
	GlobalSection(SolutionConfigurationPlatforms) = preSolution
		Debug|Any CPU = Debug|Any CPU
		Release|Any CPU = Release|Any CPU
	EndGlobalSection
	GlobalSection(ProjectConfigurationPlatforms) = postSolution
		{111A1B49-CE8E-4D1B-9FBD-BDDF1AF75B45}.Debug|Any CPU.ActiveCfg = Debug|Any CPU
		{111A1B49-CE8E-4D1B-9FBD-BDDF1AF75B45}.Debug|Any CPU.Build.0 = Debug|Any CPU
		{111A1B49-CE8E-4D1B-9FBD-BDDF1AF75B45}.Release|Any CPU.ActiveCfg = Release|Any CPU
		{111A1B49-CE8E-4D1B-9FBD-BDDF1AF75B45}.Release|Any CPU.Build.0 = Release|Any CPU
		{1E9E0C17-78D8-4376-85F6-2A7318563566}.Debug|Any CPU.ActiveCfg = Debug|Any CPU
		{1E9E0C17-78D8-4376-85F6-2A7318563566}.Debug|Any CPU.Build.0 = Debug|Any CPU
		{1E9E0C17-78D8-4376-85F6-2A7318563566}.Release|Any CPU.ActiveCfg = Release|Any CPU
		{1E9E0C17-78D8-4376-85F6-2A7318563566}.Release|Any CPU.Build.0 = Release|Any CPU
		{5C7D9376-F4BB-42DE-9C73-2C5BC6395F3F}.Debug|Any CPU.ActiveCfg = Debug|Any CPU
		{5C7D9376-F4BB-42DE-9C73-2C5BC6395F3F}.Debug|Any CPU.Build.0 = Debug|Any CPU
		{5C7D9376-F4BB-42DE-9C73-2C5BC6395F3F}.Release|Any CPU.ActiveCfg = Release|Any CPU
		{5C7D9376-F4BB-42DE-9C73-2C5BC6395F3F}.Release|Any CPU.Build.0 = Release|Any CPU
		{3CDF783C-FB2F-484D-9296-8D28990CA38A}.Debug|Any CPU.ActiveCfg = Debug|Any CPU
		{3CDF783C-FB2F-484D-9296-8D28990CA38A}.Debug|Any CPU.Build.0 = Debug|Any CPU
		{3CDF783C-FB2F-484D-9296-8D28990CA38A}.Release|Any CPU.ActiveCfg = Release|Any CPU
		{3CDF783C-FB2F-484D-9296-8D28990CA38A}.Release|Any CPU.Build.0 = Release|Any CPU
		{07A928A3-1F05-447D-9508-BDA298184B38}.Debug|Any CPU.ActiveCfg = Debug|Any CPU
		{07A928A3-1F05-447D-9508-BDA298184B38}.Debug|Any CPU.Build.0 = Debug|Any CPU
		{07A928A3-1F05-447D-9508-BDA298184B38}.Release|Any CPU.ActiveCfg = Release|Any CPU
		{07A928A3-1F05-447D-9508-BDA298184B38}.Release|Any CPU.Build.0 = Release|Any CPU
		{AA5CAF0F-E57E-4A48-8741-7A22F13F9D38}.Debug|Any CPU.ActiveCfg = Debug|Any CPU
		{AA5CAF0F-E57E-4A48-8741-7A22F13F9D38}.Debug|Any CPU.Build.0 = Debug|Any CPU
		{AA5CAF0F-E57E-4A48-8741-7A22F13F9D38}.Release|Any CPU.ActiveCfg = Release|Any CPU
		{AA5CAF0F-E57E-4A48-8741-7A22F13F9D38}.Release|Any CPU.Build.0 = Release|Any CPU
		{1FD38D4E-917B-4575-802A-96528D5BCB09}.Debug|Any CPU.ActiveCfg = Debug|Any CPU
		{1FD38D4E-917B-4575-802A-96528D5BCB09}.Debug|Any CPU.Build.0 = Debug|Any CPU
		{1FD38D4E-917B-4575-802A-96528D5BCB09}.Release|Any CPU.ActiveCfg = Release|Any CPU
		{1FD38D4E-917B-4575-802A-96528D5BCB09}.Release|Any CPU.Build.0 = Release|Any CPU
		{B4746789-6362-430C-B8FF-C88A46413179}.Debug|Any CPU.ActiveCfg = Debug|Any CPU
		{B4746789-6362-430C-B8FF-C88A46413179}.Debug|Any CPU.Build.0 = Debug|Any CPU
		{B4746789-6362-430C-B8FF-C88A46413179}.Release|Any CPU.ActiveCfg = Release|Any CPU
		{B4746789-6362-430C-B8FF-C88A46413179}.Release|Any CPU.Build.0 = Release|Any CPU
		{2B9AFEA9-3D1E-43FF-94D0-86101CDC5D85}.Debug|Any CPU.ActiveCfg = Debug|Any CPU
		{2B9AFEA9-3D1E-43FF-94D0-86101CDC5D85}.Debug|Any CPU.Build.0 = Debug|Any CPU
		{2B9AFEA9-3D1E-43FF-94D0-86101CDC5D85}.Release|Any CPU.ActiveCfg = Release|Any CPU
		{2B9AFEA9-3D1E-43FF-94D0-86101CDC5D85}.Release|Any CPU.Build.0 = Release|Any CPU
	EndGlobalSection
EndGlobal
