
Microsoft Visual Studio Solution File, Format Version 12.00
#
Project("{2150E333-8FDC-42A3-9474-1A3956D46DE8}") = "2020", "2020", "{36F1DEAE-B5DD-4F62-855E-CE283EE6536A}"
	ProjectSection(SolutionItems) = preProject
		2020\README.md = 2020\README.md
	EndProjectSection
EndProject
Project("{FAE04EC0-301F-11D3-BF4B-00C04F79EFBC}") = "Day01", "2020\Day01\Day01.csproj", "{4EDE5EFA-B8E4-46A3-9CBC-144B4C9B4764}"
EndProject
Project("{FAE04EC0-301F-11D3-BF4B-00C04F79EFBC}") = "Day02", "2020\Day02\Day02.csproj", "{C5048B36-80A5-4E1A-96EB-208C82C99361}"
EndProject
Project("{FAE04EC0-301F-11D3-BF4B-00C04F79EFBC}") = "Day03", "2020\Day03\Day03.csproj", "{EA25ADC2-A858-498F-BAC0-8BEC8475FCDD}"
EndProject
Project("{FAE04EC0-301F-11D3-BF4B-00C04F79EFBC}") = "Day04", "2020\Day04\Day04.csproj", "{52BF595E-26FA-4CDE-AE3A-CB01AABD3278}"
EndProject
Project("{FAE04EC0-301F-11D3-BF4B-00C04F79EFBC}") = "Day05", "2020\Day05\Day05.csproj", "{8BF05465-5CE7-414C-8556-28BCFA70B295}"
EndProject
Project("{FAE04EC0-301F-11D3-BF4B-00C04F79EFBC}") = "Day06", "2020\Day06\Day06.csproj", "{8645418F-9FCD-4C48-9DBA-A1258722A64C}"
EndProject
Project("{FAE04EC0-301F-11D3-BF4B-00C04F79EFBC}") = "Day07", "2020\Day07\Day07.csproj", "{2A76A716-940E-4CFD-BC44-66A1210BCFD1}"
EndProject
Project("{FAE04EC0-301F-11D3-BF4B-00C04F79EFBC}") = "Day08", "2020\Day08\Day08.csproj", "{4A8DD5A7-8DDA-4059-99AD-D75775CC1C59}"
EndProject
Project("{FAE04EC0-301F-11D3-BF4B-00C04F79EFBC}") = "Day09", "2020\Day09\Day09.csproj", "{47F272A3-CCDD-437D-9030-6793ABBA9A0F}"
EndProject
Project("{FAE04EC0-301F-11D3-BF4B-00C04F79EFBC}") = "Day10", "2020\Day10\Day10.csproj", "{F48905D0-159B-4AB2-AEF0-B2CD21AADD29}"
EndProject
Project("{FAE04EC0-301F-11D3-BF4B-00C04F79EFBC}") = "Day11", "2020\Day11\Day11.csproj", "{E9A0A23E-D10B-474D-B986-B2764D5B3889}"
EndProject
Project("{FAE04EC0-301F-11D3-BF4B-00C04F79EFBC}") = "Day12", "2020\Day12\Day12.csproj", "{62688B35-1558-4ECC-93A6-30D94F2F748E}"
EndProject
Project("{FAE04EC0-301F-11D3-BF4B-00C04F79EFBC}") = "Day13", "2020\Day13\Day13.csproj", "{10A8CC6E-1A38-4158-890A-0E830B2B0877}"
EndProject
Project("{FAE04EC0-301F-11D3-BF4B-00C04F79EFBC}") = "Day14", "2020\Day14\Day14.csproj", "{CF4DEF11-FE22-4339-B717-4BE9BA02FC4B}"
EndProject
Project("{FAE04EC0-301F-11D3-BF4B-00C04F79EFBC}") = "Day15", "2020\Day15\Day15.csproj", "{961CD0BD-FAF5-471A-B6F5-F53875C1C68B}"
EndProject
Project("{FAE04EC0-301F-11D3-BF4B-00C04F79EFBC}") = "Day16", "2020\Day16\Day16.csproj", "{EFE18E95-53E3-44E5-B800-5971FEEFDB28}"
EndProject
Project("{FAE04EC0-301F-11D3-BF4B-00C04F79EFBC}") = "Day17", "2020\Day17\Day17.csproj", "{4EDF11BD-F4E1-4828-ADE1-AB4AD88814C2}"
EndProject
Project("{FAE04EC0-301F-11D3-BF4B-00C04F79EFBC}") = "Day18", "2020\Day18\Day18.csproj", "{B38E190B-0DE7-4E64-A110-8F52F7A5040B}"
EndProject
Project("{2150E333-8FDC-42A3-9474-1A3956D46DE8}") = "2021", "2021", "{84C3864C-81F3-48BB-9D82-9A282FD2C911}"
	ProjectSection(SolutionItems) = preProject
		2021\README.md = 2021\README.md
	EndProjectSection
EndProject
Project("{FAE04EC0-301F-11D3-BF4B-00C04F79EFBC}") = "Day01", "2021\Day01\Day01.csproj", "{6476C32D-ED77-4499-BF9E-4CD6F8F69E50}"
EndProject
Project("{2150E333-8FDC-42A3-9474-1A3956D46DE8}") = "Solution Items", "Solution Items", "{97C46194-82D0-408E-826A-4164F3E8926B}"
	ProjectSection(SolutionItems) = preProject
		.gitignore = .gitignore
		LICENSE.md = LICENSE.md
		README.md = README.md
		CreateNewProject.ps1 = CreateNewProject.ps1
	EndProjectSection
EndProject
Project("{FAE04EC0-301F-11D3-BF4B-00C04F79EFBC}") = "Day02", "2021\Day02\Day02.csproj", "{9F722CBE-7A85-4B05-840E-DDD58D385099}"
EndProject
Project("{FAE04EC0-301F-11D3-BF4B-00C04F79EFBC}") = "Day03", "2021\Day03\Day03.csproj", "{52619486-97FC-4A1C-9BF5-4629E67633C2}"
EndProject
Project("{FAE04EC0-301F-11D3-BF4B-00C04F79EFBC}") = "Day04", "2021\Day04\Day04.csproj", "{71003448-176D-4936-AEED-EC8AAA698F72}"
EndProject
Project("{FAE04EC0-301F-11D3-BF4B-00C04F79EFBC}") = "Day05", "2021\Day05\Day05.csproj", "{0DC34A33-92B9-43AB-B419-292E9EE8588D}"
EndProject
Project("{FAE04EC0-301F-11D3-BF4B-00C04F79EFBC}") = "Day06", "2021\Day06\Day06.csproj", "{807154C3-C923-4A66-B9F3-6596D64DB7C4}"
EndProject
Project("{FAE04EC0-301F-11D3-BF4B-00C04F79EFBC}") = "Day07", "2021\Day07\Day07.csproj", "{0C36AEE9-6FA9-497D-A1F6-5F29759A8AD0}"
EndProject
Project("{FAE04EC0-301F-11D3-BF4B-00C04F79EFBC}") = "Day08", "2021\Day08\Day08.csproj", "{25B34CE3-2DBD-48FB-851A-07B40D82C4D6}"
EndProject
Project("{FAE04EC0-301F-11D3-BF4B-00C04F79EFBC}") = "Day09", "2021\Day09\Day09.csproj", "{2036E8C3-C1EE-4221-92E9-5479D3B37E9B}"
EndProject
Project("{FAE04EC0-301F-11D3-BF4B-00C04F79EFBC}") = "Day10", "2021\Day10\Day10.csproj", "{31A114E9-98B9-4845-AEE4-B9CBD659CAA1}"
EndProject
Project("{FAE04EC0-301F-11D3-BF4B-00C04F79EFBC}") = "Day11", "2021\Day11\Day11.csproj", "{98A3113B-F2F9-49E4-98B0-92E674C90BC4}"
EndProject
Project("{FAE04EC0-301F-11D3-BF4B-00C04F79EFBC}") = "Day12", "2021\Day12\Day12.csproj", "{7E1817EA-32E6-4144-A60D-70E5F1FC8AD0}"
EndProject
Project("{FAE04EC0-301F-11D3-BF4B-00C04F79EFBC}") = "Day13", "2021\Day13\Day13.csproj", "{6C046A8B-69EB-4034-8040-CA544B2E40FF}"
EndProject
Project("{FAE04EC0-301F-11D3-BF4B-00C04F79EFBC}") = "Day14", "2021\Day14\Day14.csproj", "{D2732DC3-5772-4C2F-9056-D5B17CCAF70C}"
EndProject
Project("{2150E333-8FDC-42A3-9474-1A3956D46DE8}") = "2022", "2022", "{35156286-4E69-44AF-9159-882CABBD3F10}"
	ProjectSection(SolutionItems) = preProject
		2022\README.md = 2022\README.md
	EndProjectSection
EndProject
Project("{FAE04EC0-301F-11D3-BF4B-00C04F79EFBC}") = "Day01", "2022\Day01\Day01.csproj", "{0F5CDB6B-C4E6-460C-91FD-06D165DF55E2}"
EndProject
Project("{FAE04EC0-301F-11D3-BF4B-00C04F79EFBC}") = "Day02", "2022\Day02\Day02.csproj", "{D89EBD10-EAA8-40B5-B0E3-ACA56E87CC7C}"
EndProject
Project("{FAE04EC0-301F-11D3-BF4B-00C04F79EFBC}") = "Day03", "2022\Day03\Day03.csproj", "{E6F10155-6B97-4223-8DB8-E37E07894868}"
EndProject
Project("{FAE04EC0-301F-11D3-BF4B-00C04F79EFBC}") = "Day04", "2022\Day04\Day04.csproj", "{6AF044DA-CF0C-45BE-BBDC-445860622932}"
EndProject
Project("{FAE04EC0-301F-11D3-BF4B-00C04F79EFBC}") = "Day05", "2022\Day05\Day05.csproj", "{32D01ADF-A50F-4FA6-8832-4DBEF6BA0F8B}"
EndProject
Project("{FAE04EC0-301F-11D3-BF4B-00C04F79EFBC}") = "Day06", "2022\Day06\Day06.csproj", "{A433A197-BD5C-4E76-9016-1F280B0A192C}"
EndProject
Project("{FAE04EC0-301F-11D3-BF4B-00C04F79EFBC}") = "Day07", "2022\Day07\Day07.csproj", "{A6D12BE9-6049-4CE0-8CF0-8EB1000202CC}"
EndProject
Project("{FAE04EC0-301F-11D3-BF4B-00C04F79EFBC}") = "Day08", "2022\Day08\Day08.csproj", "{01FC8899-91F5-44A4-BCEA-A170CD566A58}"
EndProject
Project("{2150E333-8FDC-42A3-9474-1A3956D46DE8}") = "2023", "2023", "{2C616699-A1B0-49E3-AA2E-3552366594C5}"
EndProject
Project("{FAE04EC0-301F-11D3-BF4B-00C04F79EFBC}") = "Day01", "2023\Day01\Day01.csproj", "{6FF128ED-CFB8-4E6A-9864-9164B407B489}"
EndProject
Project("{2150E333-8FDC-42A3-9474-1A3956D46DE8}") = "2024", "2024", "{FDE21B71-A1AE-401B-B4EA-23740015987A}"
EndProject
Global
	GlobalSection(SolutionConfigurationPlatforms) = preSolution
		Debug|Any CPU = Debug|Any CPU
		Release|Any CPU = Release|Any CPU
	EndGlobalSection
	GlobalSection(ProjectConfigurationPlatforms) = postSolution
		{F2566514-3C00-4DFE-B204-18E9A8F5D1D1}.Debug|Any CPU.ActiveCfg = Debug|Any CPU
		{F2566514-3C00-4DFE-B204-18E9A8F5D1D1}.Debug|Any CPU.Build.0 = Debug|Any CPU
		{F2566514-3C00-4DFE-B204-18E9A8F5D1D1}.Release|Any CPU.ActiveCfg = Release|Any CPU
		{F2566514-3C00-4DFE-B204-18E9A8F5D1D1}.Release|Any CPU.Build.0 = Release|Any CPU
		{4EDE5EFA-B8E4-46A3-9CBC-144B4C9B4764}.Debug|Any CPU.ActiveCfg = Debug|Any CPU
		{4EDE5EFA-B8E4-46A3-9CBC-144B4C9B4764}.Debug|Any CPU.Build.0 = Debug|Any CPU
		{4EDE5EFA-B8E4-46A3-9CBC-144B4C9B4764}.Release|Any CPU.ActiveCfg = Release|Any CPU
		{4EDE5EFA-B8E4-46A3-9CBC-144B4C9B4764}.Release|Any CPU.Build.0 = Release|Any CPU
		{C5048B36-80A5-4E1A-96EB-208C82C99361}.Debug|Any CPU.ActiveCfg = Debug|Any CPU
		{C5048B36-80A5-4E1A-96EB-208C82C99361}.Debug|Any CPU.Build.0 = Debug|Any CPU
		{C5048B36-80A5-4E1A-96EB-208C82C99361}.Release|Any CPU.ActiveCfg = Release|Any CPU
		{C5048B36-80A5-4E1A-96EB-208C82C99361}.Release|Any CPU.Build.0 = Release|Any CPU
		{EA25ADC2-A858-498F-BAC0-8BEC8475FCDD}.Debug|Any CPU.ActiveCfg = Debug|Any CPU
		{EA25ADC2-A858-498F-BAC0-8BEC8475FCDD}.Debug|Any CPU.Build.0 = Debug|Any CPU
		{EA25ADC2-A858-498F-BAC0-8BEC8475FCDD}.Release|Any CPU.ActiveCfg = Release|Any CPU
		{EA25ADC2-A858-498F-BAC0-8BEC8475FCDD}.Release|Any CPU.Build.0 = Release|Any CPU
		{52BF595E-26FA-4CDE-AE3A-CB01AABD3278}.Debug|Any CPU.ActiveCfg = Debug|Any CPU
		{52BF595E-26FA-4CDE-AE3A-CB01AABD3278}.Debug|Any CPU.Build.0 = Debug|Any CPU
		{52BF595E-26FA-4CDE-AE3A-CB01AABD3278}.Release|Any CPU.ActiveCfg = Release|Any CPU
		{52BF595E-26FA-4CDE-AE3A-CB01AABD3278}.Release|Any CPU.Build.0 = Release|Any CPU
		{8BF05465-5CE7-414C-8556-28BCFA70B295}.Debug|Any CPU.ActiveCfg = Debug|Any CPU
		{8BF05465-5CE7-414C-8556-28BCFA70B295}.Debug|Any CPU.Build.0 = Debug|Any CPU
		{8BF05465-5CE7-414C-8556-28BCFA70B295}.Release|Any CPU.ActiveCfg = Release|Any CPU
		{8BF05465-5CE7-414C-8556-28BCFA70B295}.Release|Any CPU.Build.0 = Release|Any CPU
		{8645418F-9FCD-4C48-9DBA-A1258722A64C}.Debug|Any CPU.ActiveCfg = Debug|Any CPU
		{8645418F-9FCD-4C48-9DBA-A1258722A64C}.Debug|Any CPU.Build.0 = Debug|Any CPU
		{8645418F-9FCD-4C48-9DBA-A1258722A64C}.Release|Any CPU.ActiveCfg = Release|Any CPU
		{8645418F-9FCD-4C48-9DBA-A1258722A64C}.Release|Any CPU.Build.0 = Release|Any CPU
		{2A76A716-940E-4CFD-BC44-66A1210BCFD1}.Debug|Any CPU.ActiveCfg = Debug|Any CPU
		{2A76A716-940E-4CFD-BC44-66A1210BCFD1}.Debug|Any CPU.Build.0 = Debug|Any CPU
		{2A76A716-940E-4CFD-BC44-66A1210BCFD1}.Release|Any CPU.ActiveCfg = Release|Any CPU
		{2A76A716-940E-4CFD-BC44-66A1210BCFD1}.Release|Any CPU.Build.0 = Release|Any CPU
		{4A8DD5A7-8DDA-4059-99AD-D75775CC1C59}.Debug|Any CPU.ActiveCfg = Debug|Any CPU
		{4A8DD5A7-8DDA-4059-99AD-D75775CC1C59}.Debug|Any CPU.Build.0 = Debug|Any CPU
		{4A8DD5A7-8DDA-4059-99AD-D75775CC1C59}.Release|Any CPU.ActiveCfg = Release|Any CPU
		{4A8DD5A7-8DDA-4059-99AD-D75775CC1C59}.Release|Any CPU.Build.0 = Release|Any CPU
		{47F272A3-CCDD-437D-9030-6793ABBA9A0F}.Debug|Any CPU.ActiveCfg = Debug|Any CPU
		{47F272A3-CCDD-437D-9030-6793ABBA9A0F}.Debug|Any CPU.Build.0 = Debug|Any CPU
		{47F272A3-CCDD-437D-9030-6793ABBA9A0F}.Release|Any CPU.ActiveCfg = Release|Any CPU
		{47F272A3-CCDD-437D-9030-6793ABBA9A0F}.Release|Any CPU.Build.0 = Release|Any CPU
		{F48905D0-159B-4AB2-AEF0-B2CD21AADD29}.Debug|Any CPU.ActiveCfg = Debug|Any CPU
		{F48905D0-159B-4AB2-AEF0-B2CD21AADD29}.Debug|Any CPU.Build.0 = Debug|Any CPU
		{F48905D0-159B-4AB2-AEF0-B2CD21AADD29}.Release|Any CPU.ActiveCfg = Release|Any CPU
		{F48905D0-159B-4AB2-AEF0-B2CD21AADD29}.Release|Any CPU.Build.0 = Release|Any CPU
		{E9A0A23E-D10B-474D-B986-B2764D5B3889}.Debug|Any CPU.ActiveCfg = Debug|Any CPU
		{E9A0A23E-D10B-474D-B986-B2764D5B3889}.Debug|Any CPU.Build.0 = Debug|Any CPU
		{E9A0A23E-D10B-474D-B986-B2764D5B3889}.Release|Any CPU.ActiveCfg = Release|Any CPU
		{E9A0A23E-D10B-474D-B986-B2764D5B3889}.Release|Any CPU.Build.0 = Release|Any CPU
		{62688B35-1558-4ECC-93A6-30D94F2F748E}.Debug|Any CPU.ActiveCfg = Debug|Any CPU
		{62688B35-1558-4ECC-93A6-30D94F2F748E}.Debug|Any CPU.Build.0 = Debug|Any CPU
		{62688B35-1558-4ECC-93A6-30D94F2F748E}.Release|Any CPU.ActiveCfg = Release|Any CPU
		{62688B35-1558-4ECC-93A6-30D94F2F748E}.Release|Any CPU.Build.0 = Release|Any CPU
		{10A8CC6E-1A38-4158-890A-0E830B2B0877}.Debug|Any CPU.ActiveCfg = Debug|Any CPU
		{10A8CC6E-1A38-4158-890A-0E830B2B0877}.Debug|Any CPU.Build.0 = Debug|Any CPU
		{10A8CC6E-1A38-4158-890A-0E830B2B0877}.Release|Any CPU.ActiveCfg = Release|Any CPU
		{10A8CC6E-1A38-4158-890A-0E830B2B0877}.Release|Any CPU.Build.0 = Release|Any CPU
		{CF4DEF11-FE22-4339-B717-4BE9BA02FC4B}.Debug|Any CPU.ActiveCfg = Debug|Any CPU
		{CF4DEF11-FE22-4339-B717-4BE9BA02FC4B}.Debug|Any CPU.Build.0 = Debug|Any CPU
		{CF4DEF11-FE22-4339-B717-4BE9BA02FC4B}.Release|Any CPU.ActiveCfg = Release|Any CPU
		{CF4DEF11-FE22-4339-B717-4BE9BA02FC4B}.Release|Any CPU.Build.0 = Release|Any CPU
		{961CD0BD-FAF5-471A-B6F5-F53875C1C68B}.Debug|Any CPU.ActiveCfg = Debug|Any CPU
		{961CD0BD-FAF5-471A-B6F5-F53875C1C68B}.Debug|Any CPU.Build.0 = Debug|Any CPU
		{961CD0BD-FAF5-471A-B6F5-F53875C1C68B}.Release|Any CPU.ActiveCfg = Release|Any CPU
		{961CD0BD-FAF5-471A-B6F5-F53875C1C68B}.Release|Any CPU.Build.0 = Release|Any CPU
		{EFE18E95-53E3-44E5-B800-5971FEEFDB28}.Debug|Any CPU.ActiveCfg = Debug|Any CPU
		{EFE18E95-53E3-44E5-B800-5971FEEFDB28}.Debug|Any CPU.Build.0 = Debug|Any CPU
		{EFE18E95-53E3-44E5-B800-5971FEEFDB28}.Release|Any CPU.ActiveCfg = Release|Any CPU
		{EFE18E95-53E3-44E5-B800-5971FEEFDB28}.Release|Any CPU.Build.0 = Release|Any CPU
		{4EDF11BD-F4E1-4828-ADE1-AB4AD88814C2}.Debug|Any CPU.ActiveCfg = Debug|Any CPU
		{4EDF11BD-F4E1-4828-ADE1-AB4AD88814C2}.Debug|Any CPU.Build.0 = Debug|Any CPU
		{4EDF11BD-F4E1-4828-ADE1-AB4AD88814C2}.Release|Any CPU.ActiveCfg = Release|Any CPU
		{4EDF11BD-F4E1-4828-ADE1-AB4AD88814C2}.Release|Any CPU.Build.0 = Release|Any CPU
		{B38E190B-0DE7-4E64-A110-8F52F7A5040B}.Debug|Any CPU.ActiveCfg = Debug|Any CPU
		{B38E190B-0DE7-4E64-A110-8F52F7A5040B}.Debug|Any CPU.Build.0 = Debug|Any CPU
		{B38E190B-0DE7-4E64-A110-8F52F7A5040B}.Release|Any CPU.ActiveCfg = Release|Any CPU
		{B38E190B-0DE7-4E64-A110-8F52F7A5040B}.Release|Any CPU.Build.0 = Release|Any CPU
		{6476C32D-ED77-4499-BF9E-4CD6F8F69E50}.Debug|Any CPU.ActiveCfg = Debug|Any CPU
		{6476C32D-ED77-4499-BF9E-4CD6F8F69E50}.Debug|Any CPU.Build.0 = Debug|Any CPU
		{6476C32D-ED77-4499-BF9E-4CD6F8F69E50}.Release|Any CPU.ActiveCfg = Release|Any CPU
		{6476C32D-ED77-4499-BF9E-4CD6F8F69E50}.Release|Any CPU.Build.0 = Release|Any CPU
		{9F722CBE-7A85-4B05-840E-DDD58D385099}.Debug|Any CPU.ActiveCfg = Debug|Any CPU
		{9F722CBE-7A85-4B05-840E-DDD58D385099}.Debug|Any CPU.Build.0 = Debug|Any CPU
		{9F722CBE-7A85-4B05-840E-DDD58D385099}.Release|Any CPU.ActiveCfg = Release|Any CPU
		{9F722CBE-7A85-4B05-840E-DDD58D385099}.Release|Any CPU.Build.0 = Release|Any CPU
		{52619486-97FC-4A1C-9BF5-4629E67633C2}.Debug|Any CPU.ActiveCfg = Debug|Any CPU
		{52619486-97FC-4A1C-9BF5-4629E67633C2}.Debug|Any CPU.Build.0 = Debug|Any CPU
		{52619486-97FC-4A1C-9BF5-4629E67633C2}.Release|Any CPU.ActiveCfg = Release|Any CPU
		{52619486-97FC-4A1C-9BF5-4629E67633C2}.Release|Any CPU.Build.0 = Release|Any CPU
		{71003448-176D-4936-AEED-EC8AAA698F72}.Debug|Any CPU.ActiveCfg = Debug|Any CPU
		{71003448-176D-4936-AEED-EC8AAA698F72}.Debug|Any CPU.Build.0 = Debug|Any CPU
		{71003448-176D-4936-AEED-EC8AAA698F72}.Release|Any CPU.ActiveCfg = Release|Any CPU
		{71003448-176D-4936-AEED-EC8AAA698F72}.Release|Any CPU.Build.0 = Release|Any CPU
		{0DC34A33-92B9-43AB-B419-292E9EE8588D}.Debug|Any CPU.ActiveCfg = Debug|Any CPU
		{0DC34A33-92B9-43AB-B419-292E9EE8588D}.Debug|Any CPU.Build.0 = Debug|Any CPU
		{0DC34A33-92B9-43AB-B419-292E9EE8588D}.Release|Any CPU.ActiveCfg = Release|Any CPU
		{0DC34A33-92B9-43AB-B419-292E9EE8588D}.Release|Any CPU.Build.0 = Release|Any CPU
		{807154C3-C923-4A66-B9F3-6596D64DB7C4}.Debug|Any CPU.ActiveCfg = Debug|Any CPU
		{807154C3-C923-4A66-B9F3-6596D64DB7C4}.Debug|Any CPU.Build.0 = Debug|Any CPU
		{807154C3-C923-4A66-B9F3-6596D64DB7C4}.Release|Any CPU.ActiveCfg = Release|Any CPU
		{807154C3-C923-4A66-B9F3-6596D64DB7C4}.Release|Any CPU.Build.0 = Release|Any CPU
		{0C36AEE9-6FA9-497D-A1F6-5F29759A8AD0}.Debug|Any CPU.ActiveCfg = Debug|Any CPU
		{0C36AEE9-6FA9-497D-A1F6-5F29759A8AD0}.Debug|Any CPU.Build.0 = Debug|Any CPU
		{0C36AEE9-6FA9-497D-A1F6-5F29759A8AD0}.Release|Any CPU.ActiveCfg = Release|Any CPU
		{0C36AEE9-6FA9-497D-A1F6-5F29759A8AD0}.Release|Any CPU.Build.0 = Release|Any CPU
		{25B34CE3-2DBD-48FB-851A-07B40D82C4D6}.Debug|Any CPU.ActiveCfg = Debug|Any CPU
		{25B34CE3-2DBD-48FB-851A-07B40D82C4D6}.Debug|Any CPU.Build.0 = Debug|Any CPU
		{25B34CE3-2DBD-48FB-851A-07B40D82C4D6}.Release|Any CPU.ActiveCfg = Release|Any CPU
		{25B34CE3-2DBD-48FB-851A-07B40D82C4D6}.Release|Any CPU.Build.0 = Release|Any CPU
		{2036E8C3-C1EE-4221-92E9-5479D3B37E9B}.Debug|Any CPU.ActiveCfg = Debug|Any CPU
		{2036E8C3-C1EE-4221-92E9-5479D3B37E9B}.Debug|Any CPU.Build.0 = Debug|Any CPU
		{2036E8C3-C1EE-4221-92E9-5479D3B37E9B}.Release|Any CPU.ActiveCfg = Release|Any CPU
		{2036E8C3-C1EE-4221-92E9-5479D3B37E9B}.Release|Any CPU.Build.0 = Release|Any CPU
		{31A114E9-98B9-4845-AEE4-B9CBD659CAA1}.Debug|Any CPU.ActiveCfg = Debug|Any CPU
		{31A114E9-98B9-4845-AEE4-B9CBD659CAA1}.Debug|Any CPU.Build.0 = Debug|Any CPU
		{31A114E9-98B9-4845-AEE4-B9CBD659CAA1}.Release|Any CPU.ActiveCfg = Release|Any CPU
		{31A114E9-98B9-4845-AEE4-B9CBD659CAA1}.Release|Any CPU.Build.0 = Release|Any CPU
		{98A3113B-F2F9-49E4-98B0-92E674C90BC4}.Debug|Any CPU.ActiveCfg = Debug|Any CPU
		{98A3113B-F2F9-49E4-98B0-92E674C90BC4}.Debug|Any CPU.Build.0 = Debug|Any CPU
		{98A3113B-F2F9-49E4-98B0-92E674C90BC4}.Release|Any CPU.ActiveCfg = Release|Any CPU
		{98A3113B-F2F9-49E4-98B0-92E674C90BC4}.Release|Any CPU.Build.0 = Release|Any CPU
		{7E1817EA-32E6-4144-A60D-70E5F1FC8AD0}.Debug|Any CPU.ActiveCfg = Debug|Any CPU
		{7E1817EA-32E6-4144-A60D-70E5F1FC8AD0}.Debug|Any CPU.Build.0 = Debug|Any CPU
		{7E1817EA-32E6-4144-A60D-70E5F1FC8AD0}.Release|Any CPU.ActiveCfg = Release|Any CPU
		{7E1817EA-32E6-4144-A60D-70E5F1FC8AD0}.Release|Any CPU.Build.0 = Release|Any CPU
		{6C046A8B-69EB-4034-8040-CA544B2E40FF}.Debug|Any CPU.ActiveCfg = Debug|Any CPU
		{6C046A8B-69EB-4034-8040-CA544B2E40FF}.Debug|Any CPU.Build.0 = Debug|Any CPU
		{6C046A8B-69EB-4034-8040-CA544B2E40FF}.Release|Any CPU.ActiveCfg = Release|Any CPU
		{6C046A8B-69EB-4034-8040-CA544B2E40FF}.Release|Any CPU.Build.0 = Release|Any CPU
		{D2732DC3-5772-4C2F-9056-D5B17CCAF70C}.Debug|Any CPU.ActiveCfg = Debug|Any CPU
		{D2732DC3-5772-4C2F-9056-D5B17CCAF70C}.Debug|Any CPU.Build.0 = Debug|Any CPU
		{D2732DC3-5772-4C2F-9056-D5B17CCAF70C}.Release|Any CPU.ActiveCfg = Release|Any CPU
		{D2732DC3-5772-4C2F-9056-D5B17CCAF70C}.Release|Any CPU.Build.0 = Release|Any CPU
		{0F5CDB6B-C4E6-460C-91FD-06D165DF55E2}.Debug|Any CPU.ActiveCfg = Debug|Any CPU
		{0F5CDB6B-C4E6-460C-91FD-06D165DF55E2}.Debug|Any CPU.Build.0 = Debug|Any CPU
		{0F5CDB6B-C4E6-460C-91FD-06D165DF55E2}.Release|Any CPU.ActiveCfg = Release|Any CPU
		{0F5CDB6B-C4E6-460C-91FD-06D165DF55E2}.Release|Any CPU.Build.0 = Release|Any CPU
		{D89EBD10-EAA8-40B5-B0E3-ACA56E87CC7C}.Debug|Any CPU.ActiveCfg = Debug|Any CPU
		{D89EBD10-EAA8-40B5-B0E3-ACA56E87CC7C}.Debug|Any CPU.Build.0 = Debug|Any CPU
		{D89EBD10-EAA8-40B5-B0E3-ACA56E87CC7C}.Release|Any CPU.ActiveCfg = Release|Any CPU
		{D89EBD10-EAA8-40B5-B0E3-ACA56E87CC7C}.Release|Any CPU.Build.0 = Release|Any CPU
		{E6F10155-6B97-4223-8DB8-E37E07894868}.Debug|Any CPU.ActiveCfg = Debug|Any CPU
		{E6F10155-6B97-4223-8DB8-E37E07894868}.Debug|Any CPU.Build.0 = Debug|Any CPU
		{E6F10155-6B97-4223-8DB8-E37E07894868}.Release|Any CPU.ActiveCfg = Release|Any CPU
		{E6F10155-6B97-4223-8DB8-E37E07894868}.Release|Any CPU.Build.0 = Release|Any CPU
		{6AF044DA-CF0C-45BE-BBDC-445860622932}.Debug|Any CPU.ActiveCfg = Debug|Any CPU
		{6AF044DA-CF0C-45BE-BBDC-445860622932}.Debug|Any CPU.Build.0 = Debug|Any CPU
		{6AF044DA-CF0C-45BE-BBDC-445860622932}.Release|Any CPU.ActiveCfg = Release|Any CPU
		{6AF044DA-CF0C-45BE-BBDC-445860622932}.Release|Any CPU.Build.0 = Release|Any CPU
		{32D01ADF-A50F-4FA6-8832-4DBEF6BA0F8B}.Debug|Any CPU.ActiveCfg = Debug|Any CPU
		{32D01ADF-A50F-4FA6-8832-4DBEF6BA0F8B}.Debug|Any CPU.Build.0 = Debug|Any CPU
		{32D01ADF-A50F-4FA6-8832-4DBEF6BA0F8B}.Release|Any CPU.ActiveCfg = Release|Any CPU
		{32D01ADF-A50F-4FA6-8832-4DBEF6BA0F8B}.Release|Any CPU.Build.0 = Release|Any CPU
		{A433A197-BD5C-4E76-9016-1F280B0A192C}.Debug|Any CPU.ActiveCfg = Debug|Any CPU
		{A433A197-BD5C-4E76-9016-1F280B0A192C}.Debug|Any CPU.Build.0 = Debug|Any CPU
		{A433A197-BD5C-4E76-9016-1F280B0A192C}.Release|Any CPU.ActiveCfg = Release|Any CPU
		{A433A197-BD5C-4E76-9016-1F280B0A192C}.Release|Any CPU.Build.0 = Release|Any CPU
		{A6D12BE9-6049-4CE0-8CF0-8EB1000202CC}.Debug|Any CPU.ActiveCfg = Debug|Any CPU
		{A6D12BE9-6049-4CE0-8CF0-8EB1000202CC}.Debug|Any CPU.Build.0 = Debug|Any CPU
		{A6D12BE9-6049-4CE0-8CF0-8EB1000202CC}.Release|Any CPU.ActiveCfg = Release|Any CPU
		{A6D12BE9-6049-4CE0-8CF0-8EB1000202CC}.Release|Any CPU.Build.0 = Release|Any CPU
		{01FC8899-91F5-44A4-BCEA-A170CD566A58}.Debug|Any CPU.ActiveCfg = Debug|Any CPU
		{01FC8899-91F5-44A4-BCEA-A170CD566A58}.Debug|Any CPU.Build.0 = Debug|Any CPU
		{01FC8899-91F5-44A4-BCEA-A170CD566A58}.Release|Any CPU.ActiveCfg = Release|Any CPU
		{01FC8899-91F5-44A4-BCEA-A170CD566A58}.Release|Any CPU.Build.0 = Release|Any CPU
		{6FF128ED-CFB8-4E6A-9864-9164B407B489}.Debug|Any CPU.ActiveCfg = Debug|Any CPU
		{6FF128ED-CFB8-4E6A-9864-9164B407B489}.Debug|Any CPU.Build.0 = Debug|Any CPU
		{6FF128ED-CFB8-4E6A-9864-9164B407B489}.Release|Any CPU.ActiveCfg = Release|Any CPU
		{6FF128ED-CFB8-4E6A-9864-9164B407B489}.Release|Any CPU.Build.0 = Release|Any CPU
	EndGlobalSection
	GlobalSection(NestedProjects) = preSolution
		{4EDE5EFA-B8E4-46A3-9CBC-144B4C9B4764} = {36F1DEAE-B5DD-4F62-855E-CE283EE6536A}
		{C5048B36-80A5-4E1A-96EB-208C82C99361} = {36F1DEAE-B5DD-4F62-855E-CE283EE6536A}
		{EA25ADC2-A858-498F-BAC0-8BEC8475FCDD} = {36F1DEAE-B5DD-4F62-855E-CE283EE6536A}
		{52BF595E-26FA-4CDE-AE3A-CB01AABD3278} = {36F1DEAE-B5DD-4F62-855E-CE283EE6536A}
		{8BF05465-5CE7-414C-8556-28BCFA70B295} = {36F1DEAE-B5DD-4F62-855E-CE283EE6536A}
		{8645418F-9FCD-4C48-9DBA-A1258722A64C} = {36F1DEAE-B5DD-4F62-855E-CE283EE6536A}
		{2A76A716-940E-4CFD-BC44-66A1210BCFD1} = {36F1DEAE-B5DD-4F62-855E-CE283EE6536A}
		{4A8DD5A7-8DDA-4059-99AD-D75775CC1C59} = {36F1DEAE-B5DD-4F62-855E-CE283EE6536A}
		{47F272A3-CCDD-437D-9030-6793ABBA9A0F} = {36F1DEAE-B5DD-4F62-855E-CE283EE6536A}
		{F48905D0-159B-4AB2-AEF0-B2CD21AADD29} = {36F1DEAE-B5DD-4F62-855E-CE283EE6536A}
		{E9A0A23E-D10B-474D-B986-B2764D5B3889} = {36F1DEAE-B5DD-4F62-855E-CE283EE6536A}
		{62688B35-1558-4ECC-93A6-30D94F2F748E} = {36F1DEAE-B5DD-4F62-855E-CE283EE6536A}
		{10A8CC6E-1A38-4158-890A-0E830B2B0877} = {36F1DEAE-B5DD-4F62-855E-CE283EE6536A}
		{CF4DEF11-FE22-4339-B717-4BE9BA02FC4B} = {36F1DEAE-B5DD-4F62-855E-CE283EE6536A}
		{961CD0BD-FAF5-471A-B6F5-F53875C1C68B} = {36F1DEAE-B5DD-4F62-855E-CE283EE6536A}
		{EFE18E95-53E3-44E5-B800-5971FEEFDB28} = {36F1DEAE-B5DD-4F62-855E-CE283EE6536A}
		{4EDF11BD-F4E1-4828-ADE1-AB4AD88814C2} = {36F1DEAE-B5DD-4F62-855E-CE283EE6536A}
		{B38E190B-0DE7-4E64-A110-8F52F7A5040B} = {36F1DEAE-B5DD-4F62-855E-CE283EE6536A}
		{6476C32D-ED77-4499-BF9E-4CD6F8F69E50} = {84C3864C-81F3-48BB-9D82-9A282FD2C911}
		{9F722CBE-7A85-4B05-840E-DDD58D385099} = {84C3864C-81F3-48BB-9D82-9A282FD2C911}
		{52619486-97FC-4A1C-9BF5-4629E67633C2} = {84C3864C-81F3-48BB-9D82-9A282FD2C911}
		{71003448-176D-4936-AEED-EC8AAA698F72} = {84C3864C-81F3-48BB-9D82-9A282FD2C911}
		{0DC34A33-92B9-43AB-B419-292E9EE8588D} = {84C3864C-81F3-48BB-9D82-9A282FD2C911}
		{807154C3-C923-4A66-B9F3-6596D64DB7C4} = {84C3864C-81F3-48BB-9D82-9A282FD2C911}
		{0C36AEE9-6FA9-497D-A1F6-5F29759A8AD0} = {84C3864C-81F3-48BB-9D82-9A282FD2C911}
		{25B34CE3-2DBD-48FB-851A-07B40D82C4D6} = {84C3864C-81F3-48BB-9D82-9A282FD2C911}
		{2036E8C3-C1EE-4221-92E9-5479D3B37E9B} = {84C3864C-81F3-48BB-9D82-9A282FD2C911}
		{31A114E9-98B9-4845-AEE4-B9CBD659CAA1} = {84C3864C-81F3-48BB-9D82-9A282FD2C911}
		{98A3113B-F2F9-49E4-98B0-92E674C90BC4} = {84C3864C-81F3-48BB-9D82-9A282FD2C911}
		{7E1817EA-32E6-4144-A60D-70E5F1FC8AD0} = {84C3864C-81F3-48BB-9D82-9A282FD2C911}
		{6C046A8B-69EB-4034-8040-CA544B2E40FF} = {84C3864C-81F3-48BB-9D82-9A282FD2C911}
		{D2732DC3-5772-4C2F-9056-D5B17CCAF70C} = {84C3864C-81F3-48BB-9D82-9A282FD2C911}
		{0F5CDB6B-C4E6-460C-91FD-06D165DF55E2} = {35156286-4E69-44AF-9159-882CABBD3F10}
		{D89EBD10-EAA8-40B5-B0E3-ACA56E87CC7C} = {35156286-4E69-44AF-9159-882CABBD3F10}
		{E6F10155-6B97-4223-8DB8-E37E07894868} = {35156286-4E69-44AF-9159-882CABBD3F10}
		{6AF044DA-CF0C-45BE-BBDC-445860622932} = {35156286-4E69-44AF-9159-882CABBD3F10}
		{32D01ADF-A50F-4FA6-8832-4DBEF6BA0F8B} = {35156286-4E69-44AF-9159-882CABBD3F10}
		{A433A197-BD5C-4E76-9016-1F280B0A192C} = {35156286-4E69-44AF-9159-882CABBD3F10}
		{A6D12BE9-6049-4CE0-8CF0-8EB1000202CC} = {35156286-4E69-44AF-9159-882CABBD3F10}
		{01FC8899-91F5-44A4-BCEA-A170CD566A58} = {35156286-4E69-44AF-9159-882CABBD3F10}
		{6FF128ED-CFB8-4E6A-9864-9164B407B489} = {2C616699-A1B0-49E3-AA2E-3552366594C5}
	EndGlobalSection
EndGlobal
